
Microsoft Visual Studio Solution File, Format Version 12.00
# Visual Studio Version 17
VisualStudioVersion = 17.9.34701.34
MinimumVisualStudioVersion = 10.0.40219.1
Project("{FAE04EC0-301F-11D3-BF4B-00C04F79EFBC}") = "WebApplication1", "WebApplication1\WebApplication1.csproj", "{72374569-3031-42CA-B9D3-BBE297D33076}"
EndProject
Project("{FAE04EC0-301F-11D3-BF4B-00C04F79EFBC}") = "Application", "Application\Application.csproj", "{6784B155-F47A-43F2-A6B2-80F859E8563A}"
EndProject
Project("{FAE04EC0-301F-11D3-BF4B-00C04F79EFBC}") = "Domain", "Domain\Domain.csproj", "{7A975569-D8C5-44E3-9989-ED926F5F76EA}"
EndProject
Project("{FAE04EC0-301F-11D3-BF4B-00C04F79EFBC}") = "Persistence", "Persistence\Persistence.csproj", "{94E21393-D94B-43F6-A186-B15B0BE2BBEF}"
EndProject
Project("{FAE04EC0-301F-11D3-BF4B-00C04F79EFBC}") = "Infrastructure", "Infrastructure\Infrastructure.csproj", "{5AF47567-468D-467F-95F1-61A9B5D6C776}"
EndProject
Global
	GlobalSection(SolutionConfigurationPlatforms) = preSolution
		Debug|Any CPU = Debug|Any CPU
		Release|Any CPU = Release|Any CPU
	EndGlobalSection
	GlobalSection(ProjectConfigurationPlatforms) = postSolution
		{72374569-3031-42CA-B9D3-BBE297D33076}.Debug|Any CPU.ActiveCfg = Debug|Any CPU
		{72374569-3031-42CA-B9D3-BBE297D33076}.Debug|Any CPU.Build.0 = Debug|Any CPU
		{72374569-3031-42CA-B9D3-BBE297D33076}.Release|Any CPU.ActiveCfg = Release|Any CPU
		{72374569-3031-42CA-B9D3-BBE297D33076}.Release|Any CPU.Build.0 = Release|Any CPU
		{6784B155-F47A-43F2-A6B2-80F859E8563A}.Debug|Any CPU.ActiveCfg = Debug|Any CPU
		{6784B155-F47A-43F2-A6B2-80F859E8563A}.Debug|Any CPU.Build.0 = Debug|Any CPU
		{6784B155-F47A-43F2-A6B2-80F859E8563A}.Release|Any CPU.ActiveCfg = Release|Any CPU
		{6784B155-F47A-43F2-A6B2-80F859E8563A}.Release|Any CPU.Build.0 = Release|Any CPU
		{7A975569-D8C5-44E3-9989-ED926F5F76EA}.Debug|Any CPU.ActiveCfg = Debug|Any CPU
		{7A975569-D8C5-44E3-9989-ED926F5F76EA}.Debug|Any CPU.Build.0 = Debug|Any CPU
		{7A975569-D8C5-44E3-9989-ED926F5F76EA}.Release|Any CPU.ActiveCfg = Release|Any CPU
		{7A975569-D8C5-44E3-9989-ED926F5F76EA}.Release|Any CPU.Build.0 = Release|Any CPU
		{94E21393-D94B-43F6-A186-B15B0BE2BBEF}.Debug|Any CPU.ActiveCfg = Debug|Any CPU
		{94E21393-D94B-43F6-A186-B15B0BE2BBEF}.Debug|Any CPU.Build.0 = Debug|Any CPU
		{94E21393-D94B-43F6-A186-B15B0BE2BBEF}.Release|Any CPU.ActiveCfg = Release|Any CPU
		{94E21393-D94B-43F6-A186-B15B0BE2BBEF}.Release|Any CPU.Build.0 = Release|Any CPU
		{5AF47567-468D-467F-95F1-61A9B5D6C776}.Debug|Any CPU.ActiveCfg = Debug|Any CPU
		{5AF47567-468D-467F-95F1-61A9B5D6C776}.Debug|Any CPU.Build.0 = Debug|Any CPU
		{5AF47567-468D-467F-95F1-61A9B5D6C776}.Release|Any CPU.ActiveCfg = Release|Any CPU
		{5AF47567-468D-467F-95F1-61A9B5D6C776}.Release|Any CPU.Build.0 = Release|Any CPU
	EndGlobalSection
	GlobalSection(SolutionProperties) = preSolution
		HideSolutionNode = FALSE
	EndGlobalSection
	GlobalSection(ExtensibilityGlobals) = postSolution
		SolutionGuid = {8B62A4B3-ED47-4201-9DE4-30602693FD13}
	EndGlobalSection
EndGlobal
